
Microsoft Visual Studio Solution File, Format Version 12.00
# Visual Studio Version 17
VisualStudioVersion = 17.3.32804.467
MinimumVisualStudioVersion = 10.0.40219.1
Project("{FAE04EC0-301F-11D3-BF4B-00C04F79EFBC}") = "J7z_E_Commerce.Server", "Server\J7z_E_Commerce.Server.csproj", "{1FAA44DB-FE72-4359-93F3-3719B893FBFA}"
EndProject
Project("{FAE04EC0-301F-11D3-BF4B-00C04F79EFBC}") = "J7z_E_Commerce.Client", "Client\J7z_E_Commerce.Client.csproj", "{1FCB1652-C04D-44C3-8F4E-BFCF6D24C17E}"
EndProject
Project("{FAE04EC0-301F-11D3-BF4B-00C04F79EFBC}") = "J7z_E_Commerce.Shared", "Shared\J7z_E_Commerce.Shared.csproj", "{3AC16FC5-7415-41CB-A7F1-77FAC553DAC5}"
EndProject
Global
	GlobalSection(SolutionConfigurationPlatforms) = preSolution
		Debug|Any CPU = Debug|Any CPU
		Release|Any CPU = Release|Any CPU
	EndGlobalSection
	GlobalSection(ProjectConfigurationPlatforms) = postSolution
		{1FAA44DB-FE72-4359-93F3-3719B893FBFA}.Debug|Any CPU.ActiveCfg = Debug|Any CPU
		{1FAA44DB-FE72-4359-93F3-3719B893FBFA}.Debug|Any CPU.Build.0 = Debug|Any CPU
		{1FAA44DB-FE72-4359-93F3-3719B893FBFA}.Release|Any CPU.ActiveCfg = Release|Any CPU
		{1FAA44DB-FE72-4359-93F3-3719B893FBFA}.Release|Any CPU.Build.0 = Release|Any CPU
		{1FCB1652-C04D-44C3-8F4E-BFCF6D24C17E}.Debug|Any CPU.ActiveCfg = Debug|Any CPU
		{1FCB1652-C04D-44C3-8F4E-BFCF6D24C17E}.Debug|Any CPU.Build.0 = Debug|Any CPU
		{1FCB1652-C04D-44C3-8F4E-BFCF6D24C17E}.Release|Any CPU.ActiveCfg = Release|Any CPU
		{1FCB1652-C04D-44C3-8F4E-BFCF6D24C17E}.Release|Any CPU.Build.0 = Release|Any CPU
		{3AC16FC5-7415-41CB-A7F1-77FAC553DAC5}.Debug|Any CPU.ActiveCfg = Debug|Any CPU
		{3AC16FC5-7415-41CB-A7F1-77FAC553DAC5}.Debug|Any CPU.Build.0 = Debug|Any CPU
		{3AC16FC5-7415-41CB-A7F1-77FAC553DAC5}.Release|Any CPU.ActiveCfg = Release|Any CPU
		{3AC16FC5-7415-41CB-A7F1-77FAC553DAC5}.Release|Any CPU.Build.0 = Release|Any CPU
	EndGlobalSection
	GlobalSection(SolutionProperties) = preSolution
		HideSolutionNode = FALSE
	EndGlobalSection
	GlobalSection(ExtensibilityGlobals) = postSolution
		SolutionGuid = {D1286E1F-DFFC-4C84-ADFA-A59401C007C4}
	EndGlobalSection
EndGlobal
